
Microsoft Visual Studio Solution File, Format Version 12.00
# Visual Studio 14
VisualStudioVersion = 14.0.25420.1
MinimumVisualStudioVersion = 10.0.40219.1
Project("{FAE04EC0-301F-11D3-BF4B-00C04F79EFBC}") = "Shop.Common", "Shop.Common\Shop.Common.csproj", "{2871A857-5F18-42A6-B849-22A5532D0F89}"
EndProject
Project("{FAE04EC0-301F-11D3-BF4B-00C04F79EFBC}") = "Shop.Model", "Shop.Model\Shop.Model.csproj", "{A8CEECD5-8CB6-490B-8ECB-701227091828}"
EndProject
Project("{FAE04EC0-301F-11D3-BF4B-00C04F79EFBC}") = "Shop.Data", "Shop.Data\Shop.Data.csproj", "{D04DBD34-FC50-4FE7-8D9F-99175807400D}"
EndProject
Project("{FAE04EC0-301F-11D3-BF4B-00C04F79EFBC}") = "Shop.Service", "Shop.Service\Shop.Service.csproj", "{B42A419C-EB92-4D8A-9729-22483EFA166A}"
EndProject
Project("{FAE04EC0-301F-11D3-BF4B-00C04F79EFBC}") = "Shop.UnitTest", "Shop.UnitTest\Shop.UnitTest.csproj", "{7F18BB40-9DE3-4A74-B58A-B36D1E7DF209}"
EndProject
Project("{FAE04EC0-301F-11D3-BF4B-00C04F79EFBC}") = "Shop.Web", "Shop.Web\Shop.Web.csproj", "{3439185E-B8C2-4A67-BF33-1F4777DE39C2}"
EndProject
Global
	GlobalSection(SolutionConfigurationPlatforms) = preSolution
		Debug|Any CPU = Debug|Any CPU
		Release|Any CPU = Release|Any CPU
	EndGlobalSection
	GlobalSection(ProjectConfigurationPlatforms) = postSolution
		{2871A857-5F18-42A6-B849-22A5532D0F89}.Debug|Any CPU.ActiveCfg = Debug|Any CPU
		{2871A857-5F18-42A6-B849-22A5532D0F89}.Debug|Any CPU.Build.0 = Debug|Any CPU
		{2871A857-5F18-42A6-B849-22A5532D0F89}.Release|Any CPU.ActiveCfg = Release|Any CPU
		{2871A857-5F18-42A6-B849-22A5532D0F89}.Release|Any CPU.Build.0 = Release|Any CPU
		{A8CEECD5-8CB6-490B-8ECB-701227091828}.Debug|Any CPU.ActiveCfg = Debug|Any CPU
		{A8CEECD5-8CB6-490B-8ECB-701227091828}.Debug|Any CPU.Build.0 = Debug|Any CPU
		{A8CEECD5-8CB6-490B-8ECB-701227091828}.Release|Any CPU.ActiveCfg = Release|Any CPU
		{A8CEECD5-8CB6-490B-8ECB-701227091828}.Release|Any CPU.Build.0 = Release|Any CPU
		{D04DBD34-FC50-4FE7-8D9F-99175807400D}.Debug|Any CPU.ActiveCfg = Debug|Any CPU
		{D04DBD34-FC50-4FE7-8D9F-99175807400D}.Debug|Any CPU.Build.0 = Debug|Any CPU
		{D04DBD34-FC50-4FE7-8D9F-99175807400D}.Release|Any CPU.ActiveCfg = Release|Any CPU
		{D04DBD34-FC50-4FE7-8D9F-99175807400D}.Release|Any CPU.Build.0 = Release|Any CPU
		{B42A419C-EB92-4D8A-9729-22483EFA166A}.Debug|Any CPU.ActiveCfg = Debug|Any CPU
		{B42A419C-EB92-4D8A-9729-22483EFA166A}.Debug|Any CPU.Build.0 = Debug|Any CPU
		{B42A419C-EB92-4D8A-9729-22483EFA166A}.Release|Any CPU.ActiveCfg = Release|Any CPU
		{B42A419C-EB92-4D8A-9729-22483EFA166A}.Release|Any CPU.Build.0 = Release|Any CPU
		{7F18BB40-9DE3-4A74-B58A-B36D1E7DF209}.Debug|Any CPU.ActiveCfg = Debug|Any CPU
		{7F18BB40-9DE3-4A74-B58A-B36D1E7DF209}.Debug|Any CPU.Build.0 = Debug|Any CPU
		{7F18BB40-9DE3-4A74-B58A-B36D1E7DF209}.Release|Any CPU.ActiveCfg = Release|Any CPU
		{7F18BB40-9DE3-4A74-B58A-B36D1E7DF209}.Release|Any CPU.Build.0 = Release|Any CPU
		{3439185E-B8C2-4A67-BF33-1F4777DE39C2}.Debug|Any CPU.ActiveCfg = Debug|Any CPU
		{3439185E-B8C2-4A67-BF33-1F4777DE39C2}.Debug|Any CPU.Build.0 = Debug|Any CPU
		{3439185E-B8C2-4A67-BF33-1F4777DE39C2}.Release|Any CPU.ActiveCfg = Release|Any CPU
		{3439185E-B8C2-4A67-BF33-1F4777DE39C2}.Release|Any CPU.Build.0 = Release|Any CPU
	EndGlobalSection
	GlobalSection(SolutionProperties) = preSolution
		HideSolutionNode = FALSE
	EndGlobalSection
EndGlobal
